// !$*UTF8*$!
{
	archiveVersion = 1;
	classes = {
	};
	objectVersion = 56;
	objects = {

/* Begin PBXBuildFile section */
		705E62F3292CE6A200885265 /* SnapKit in Frameworks */ = {isa = PBXBuildFile; productRef = 705E62F2292CE6A200885265 /* SnapKit */; };
		705E62F6292CE76100885265 /* UIFont+.swift in Sources */ = {isa = PBXBuildFile; fileRef = 705E62F5292CE76100885265 /* UIFont+.swift */; };
		705E62F8292CEA5900885265 /* Color+.swift in Sources */ = {isa = PBXBuildFile; fileRef = 705E62F7292CEA5900885265 /* Color+.swift */; };
		70AE7270292CE54A006760CF /* AppDelegate.swift in Sources */ = {isa = PBXBuildFile; fileRef = 70AE726F292CE54A006760CF /* AppDelegate.swift */; };
		70AE7272292CE54A006760CF /* SceneDelegate.swift in Sources */ = {isa = PBXBuildFile; fileRef = 70AE7271292CE54A006760CF /* SceneDelegate.swift */; };
		70AE7274292CE54A006760CF /* ViewController.swift in Sources */ = {isa = PBXBuildFile; fileRef = 70AE7273292CE54A006760CF /* ViewController.swift */; };
		70AE7277292CE54A006760CF /* Main.storyboard in Resources */ = {isa = PBXBuildFile; fileRef = 70AE7275292CE54A006760CF /* Main.storyboard */; };
		70AE7279292CE54C006760CF /* Assets.xcassets in Resources */ = {isa = PBXBuildFile; fileRef = 70AE7278292CE54C006760CF /* Assets.xcassets */; };
		70AE727C292CE54C006760CF /* LaunchScreen.storyboard in Resources */ = {isa = PBXBuildFile; fileRef = 70AE727A292CE54C006760CF /* LaunchScreen.storyboard */; };
		70AE7284292CE5C7006760CF /* HorizontalPickerView.swift in Sources */ = {isa = PBXBuildFile; fileRef = 70AE7283292CE5C7006760CF /* HorizontalPickerView.swift */; };
/* End PBXBuildFile section */

/* Begin PBXFileReference section */
		705E62F5292CE76100885265 /* UIFont+.swift */ = {isa = PBXFileReference; lastKnownFileType = sourcecode.swift; path = "UIFont+.swift"; sourceTree = "<group>"; };
		705E62F7292CEA5900885265 /* Color+.swift */ = {isa = PBXFileReference; lastKnownFileType = sourcecode.swift; path = "Color+.swift"; sourceTree = "<group>"; };
		70AE726C292CE54A006760CF /* HorizontalPickerView.app */ = {isa = PBXFileReference; explicitFileType = wrapper.application; includeInIndex = 0; path = HorizontalPickerView.app; sourceTree = BUILT_PRODUCTS_DIR; };
		70AE726F292CE54A006760CF /* AppDelegate.swift */ = {isa = PBXFileReference; lastKnownFileType = sourcecode.swift; path = AppDelegate.swift; sourceTree = "<group>"; };
		70AE7271292CE54A006760CF /* SceneDelegate.swift */ = {isa = PBXFileReference; lastKnownFileType = sourcecode.swift; path = SceneDelegate.swift; sourceTree = "<group>"; };
		70AE7273292CE54A006760CF /* ViewController.swift */ = {isa = PBXFileReference; lastKnownFileType = sourcecode.swift; path = ViewController.swift; sourceTree = "<group>"; };
		70AE7276292CE54A006760CF /* Base */ = {isa = PBXFileReference; lastKnownFileType = file.storyboard; name = Base; path = Base.lproj/Main.storyboard; sourceTree = "<group>"; };
		70AE7278292CE54C006760CF /* Assets.xcassets */ = {isa = PBXFileReference; lastKnownFileType = folder.assetcatalog; path = Assets.xcassets; sourceTree = "<group>"; };
		70AE727B292CE54C006760CF /* Base */ = {isa = PBXFileReference; lastKnownFileType = file.storyboard; name = Base; path = Base.lproj/LaunchScreen.storyboard; sourceTree = "<group>"; };
		70AE727D292CE54C006760CF /* Info.plist */ = {isa = PBXFileReference; lastKnownFileType = text.plist.xml; path = Info.plist; sourceTree = "<group>"; };
		70AE7283292CE5C7006760CF /* HorizontalPickerView.swift */ = {isa = PBXFileReference; lastKnownFileType = sourcecode.swift; path = HorizontalPickerView.swift; sourceTree = "<group>"; };
/* End PBXFileReference section */

/* Begin PBXFrameworksBuildPhase section */
		70AE7269292CE54A006760CF /* Frameworks */ = {
			isa = PBXFrameworksBuildPhase;
			buildActionMask = 2147483647;
			files = (
				705E62F3292CE6A200885265 /* SnapKit in Frameworks */,
			);
			runOnlyForDeploymentPostprocessing = 0;
		};
/* End PBXFrameworksBuildPhase section */

/* Begin PBXGroup section */
		705E62F4292CE74400885265 /* Extensions */ = {
			isa = PBXGroup;
			children = (
				705E62F5292CE76100885265 /* UIFont+.swift */,
				705E62F7292CEA5900885265 /* Color+.swift */,
			);
			path = Extensions;
			sourceTree = "<group>";
		};
		70AE7263292CE54A006760CF = {
			isa = PBXGroup;
			children = (
				70AE726E292CE54A006760CF /* HorizontalPickerView */,
				70AE726D292CE54A006760CF /* Products */,
			);
			sourceTree = "<group>";
		};
		70AE726D292CE54A006760CF /* Products */ = {
			isa = PBXGroup;
			children = (
				70AE726C292CE54A006760CF /* HorizontalPickerView.app */,
			);
			name = Products;
			sourceTree = "<group>";
		};
		70AE726E292CE54A006760CF /* HorizontalPickerView */ = {
			isa = PBXGroup;
			children = (
				705E62F4292CE74400885265 /* Extensions */,
				70AE7283292CE5C7006760CF /* HorizontalPickerView.swift */,
				70AE726F292CE54A006760CF /* AppDelegate.swift */,
				70AE7271292CE54A006760CF /* SceneDelegate.swift */,
				70AE7273292CE54A006760CF /* ViewController.swift */,
				70AE7275292CE54A006760CF /* Main.storyboard */,
				70AE7278292CE54C006760CF /* Assets.xcassets */,
				70AE727A292CE54C006760CF /* LaunchScreen.storyboard */,
				70AE727D292CE54C006760CF /* Info.plist */,
			);
			path = HorizontalPickerView;
			sourceTree = "<group>";
		};
/* End PBXGroup section */

/* Begin PBXNativeTarget section */
		70AE726B292CE54A006760CF /* HorizontalPickerView */ = {
			isa = PBXNativeTarget;
			buildConfigurationList = 70AE7280292CE54C006760CF /* Build configuration list for PBXNativeTarget "HorizontalPickerView" */;
			buildPhases = (
				70AE7268292CE54A006760CF /* Sources */,
				70AE7269292CE54A006760CF /* Frameworks */,
				70AE726A292CE54A006760CF /* Resources */,
			);
			buildRules = (
			);
			dependencies = (
			);
			name = HorizontalPickerView;
			packageProductDependencies = (
				705E62F2292CE6A200885265 /* SnapKit */,
			);
			productName = HorizontalPickerView;
			productReference = 70AE726C292CE54A006760CF /* HorizontalPickerView.app */;
			productType = "com.apple.product-type.application";
		};
/* End PBXNativeTarget section */

/* Begin PBXProject section */
		70AE7264292CE54A006760CF /* Project object */ = {
			isa = PBXProject;
			attributes = {
				BuildIndependentTargetsInParallel = 1;
				LastSwiftUpdateCheck = 1400;
				LastUpgradeCheck = 1400;
				TargetAttributes = {
					70AE726B292CE54A006760CF = {
						CreatedOnToolsVersion = 14.0.1;
					};
				};
			};
			buildConfigurationList = 70AE7267292CE54A006760CF /* Build configuration list for PBXProject "HorizontalPickerView" */;
			compatibilityVersion = "Xcode 14.0";
			developmentRegion = en;
			hasScannedForEncodings = 0;
			knownRegions = (
				en,
				Base,
			);
			mainGroup = 70AE7263292CE54A006760CF;
			packageReferences = (
				705E62F1292CE6A200885265 /* XCRemoteSwiftPackageReference "SnapKit" */,
			);
			productRefGroup = 70AE726D292CE54A006760CF /* Products */;
			projectDirPath = "";
			projectRoot = "";
			targets = (
				70AE726B292CE54A006760CF /* HorizontalPickerView */,
			);
		};
/* End PBXProject section */

/* Begin PBXResourcesBuildPhase section */
		70AE726A292CE54A006760CF /* Resources */ = {
			isa = PBXResourcesBuildPhase;
			buildActionMask = 2147483647;
			files = (
				70AE727C292CE54C006760CF /* LaunchScreen.storyboard in Resources */,
				70AE7279292CE54C006760CF /* Assets.xcassets in Resources */,
				70AE7277292CE54A006760CF /* Main.storyboard in Resources */,
			);
			runOnlyForDeploymentPostprocessing = 0;
		};
/* End PBXResourcesBuildPhase section */

/* Begin PBXSourcesBuildPhase section */
		70AE7268292CE54A006760CF /* Sources */ = {
			isa = PBXSourcesBuildPhase;
			buildActionMask = 2147483647;
			files = (
				70AE7284292CE5C7006760CF /* HorizontalPickerView.swift in Sources */,
				705E62F8292CEA5900885265 /* Color+.swift in Sources */,
				70AE7274292CE54A006760CF /* ViewController.swift in Sources */,
				705E62F6292CE76100885265 /* UIFont+.swift in Sources */,
				70AE7270292CE54A006760CF /* AppDelegate.swift in Sources */,
				70AE7272292CE54A006760CF /* SceneDelegate.swift in Sources */,
			);
			runOnlyForDeploymentPostprocessing = 0;
		};
/* End PBXSourcesBuildPhase section */

/* Begin PBXVariantGroup section */
		70AE7275292CE54A006760CF /* Main.storyboard */ = {
			isa = PBXVariantGroup;
			children = (
				70AE7276292CE54A006760CF /* Base */,
			);
			name = Main.storyboard;
			sourceTree = "<group>";
		};
		70AE727A292CE54C006760CF /* LaunchScreen.storyboard */ = {
			isa = PBXVariantGroup;
			children = (
				70AE727B292CE54C006760CF /* Base */,
			);
			name = LaunchScreen.storyboard;
			sourceTree = "<group>";
		};
/* End PBXVariantGroup section */

/* Begin XCBuildConfiguration section */
		70AE727E292CE54C006760CF /* Debug */ = {
			isa = XCBuildConfiguration;
			buildSettings = {
				ALWAYS_SEARCH_USER_PATHS = NO;
				CLANG_ANALYZER_NONNULL = YES;
				CLANG_ANALYZER_NUMBER_OBJECT_CONVERSION = YES_AGGRESSIVE;
				CLANG_CXX_LANGUAGE_STANDARD = "gnu++20";
				CLANG_ENABLE_MODULES = YES;
				CLANG_ENABLE_OBJC_ARC = YES;
				CLANG_ENABLE_OBJC_WEAK = YES;
				CLANG_WARN_BLOCK_CAPTURE_AUTORELEASING = YES;
				CLANG_WARN_BOOL_CONVERSION = YES;
				CLANG_WARN_COMMA = YES;
				CLANG_WARN_CONSTANT_CONVERSION = YES;
				CLANG_WARN_DEPRECATED_OBJC_IMPLEMENTATIONS = YES;
				CLANG_WARN_DIRECT_OBJC_ISA_USAGE = YES_ERROR;
				CLANG_WARN_DOCUMENTATION_COMMENTS = YES;
				CLANG_WARN_EMPTY_BODY = YES;
				CLANG_WARN_ENUM_CONVERSION = YES;
				CLANG_WARN_INFINITE_RECURSION = YES;
				CLANG_WARN_INT_CONVERSION = YES;
				CLANG_WARN_NON_LITERAL_NULL_CONVERSION = YES;
				CLANG_WARN_OBJC_IMPLICIT_RETAIN_SELF = YES;
				CLANG_WARN_OBJC_LITERAL_CONVERSION = YES;
				CLANG_WARN_OBJC_ROOT_CLASS = YES_ERROR;
				CLANG_WARN_QUOTED_INCLUDE_IN_FRAMEWORK_HEADER = YES;
				CLANG_WARN_RANGE_LOOP_ANALYSIS = YES;
				CLANG_WARN_STRICT_PROTOTYPES = YES;
				CLANG_WARN_SUSPICIOUS_MOVE = YES;
				CLANG_WARN_UNGUARDED_AVAILABILITY = YES_AGGRESSIVE;
				CLANG_WARN_UNREACHABLE_CODE = YES;
				CLANG_WARN__DUPLICATE_METHOD_MATCH = YES;
				COPY_PHASE_STRIP = NO;
				DEBUG_INFORMATION_FORMAT = dwarf;
				ENABLE_STRICT_OBJC_MSGSEND = YES;
				ENABLE_TESTABILITY = YES;
				GCC_C_LANGUAGE_STANDARD = gnu11;
				GCC_DYNAMIC_NO_PIC = NO;
				GCC_NO_COMMON_BLOCKS = YES;
				GCC_OPTIMIZATION_LEVEL = 0;
				GCC_PREPROCESSOR_DEFINITIONS = (
					"DEBUG=1",
					"$(inherited)",
				);
				GCC_WARN_64_TO_32_BIT_CONVERSION = YES;
				GCC_WARN_ABOUT_RETURN_TYPE = YES_ERROR;
				GCC_WARN_UNDECLARED_SELECTOR = YES;
				GCC_WARN_UNINITIALIZED_AUTOS = YES_AGGRESSIVE;
				GCC_WARN_UNUSED_FUNCTION = YES;
				GCC_WARN_UNUSED_VARIABLE = YES;
				IPHONEOS_DEPLOYMENT_TARGET = 16.0;
				MTL_ENABLE_DEBUG_INFO = INCLUDE_SOURCE;
				MTL_FAST_MATH = YES;
				ONLY_ACTIVE_ARCH = YES;
				SDKROOT = iphoneos;
				SWIFT_ACTIVE_COMPILATION_CONDITIONS = DEBUG;
				SWIFT_OPTIMIZATION_LEVEL = "-Onone";
			};
			name = Debug;
		};
		70AE727F292CE54C006760CF /* Release */ = {
			isa = XCBuildConfiguration;
			buildSettings = {
				ALWAYS_SEARCH_USER_PATHS = NO;
				CLANG_ANALYZER_NONNULL = YES;
				CLANG_ANALYZER_NUMBER_OBJECT_CONVERSION = YES_AGGRESSIVE;
				CLANG_CXX_LANGUAGE_STANDARD = "gnu++20";
				CLANG_ENABLE_MODULES = YES;
				CLANG_ENABLE_OBJC_ARC = YES;
				CLANG_ENABLE_OBJC_WEAK = YES;
				CLANG_WARN_BLOCK_CAPTURE_AUTORELEASING = YES;
				CLANG_WARN_BOOL_CONVERSION = YES;
				CLANG_WARN_COMMA = YES;
				CLANG_WARN_CONSTANT_CONVERSION = YES;
				CLANG_WARN_DEPRECATED_OBJC_IMPLEMENTATIONS = YES;
				CLANG_WARN_DIRECT_OBJC_ISA_USAGE = YES_ERROR;
				CLANG_WARN_DOCUMENTATION_COMMENTS = YES;
				CLANG_WARN_EMPTY_BODY = YES;
				CLANG_WARN_ENUM_CONVERSION = YES;
				CLANG_WARN_INFINITE_RECURSION = YES;
				CLANG_WARN_INT_CONVERSION = YES;
				CLANG_WARN_NON_LITERAL_NULL_CONVERSION = YES;
				CLANG_WARN_OBJC_IMPLICIT_RETAIN_SELF = YES;
				CLANG_WARN_OBJC_LITERAL_CONVERSION = YES;
				CLANG_WARN_OBJC_ROOT_CLASS = YES_ERROR;
				CLANG_WARN_QUOTED_INCLUDE_IN_FRAMEWORK_HEADER = YES;
				CLANG_WARN_RANGE_LOOP_ANALYSIS = YES;
				CLANG_WARN_STRICT_PROTOTYPES = YES;
				CLANG_WARN_SUSPICIOUS_MOVE = YES;
				CLANG_WARN_UNGUARDED_AVAILABILITY = YES_AGGRESSIVE;
				CLANG_WARN_UNREACHABLE_CODE = YES;
				CLANG_WARN__DUPLICATE_METHOD_MATCH = YES;
				COPY_PHASE_STRIP = NO;
				DEBUG_INFORMATION_FORMAT = "dwarf-with-dsym";
				ENABLE_NS_ASSERTIONS = NO;
				ENABLE_STRICT_OBJC_MSGSEND = YES;
				GCC_C_LANGUAGE_STANDARD = gnu11;
				GCC_NO_COMMON_BLOCKS = YES;
				GCC_WARN_64_TO_32_BIT_CONVERSION = YES;
				GCC_WARN_ABOUT_RETURN_TYPE = YES_ERROR;
				GCC_WARN_UNDECLARED_SELECTOR = YES;
				GCC_WARN_UNINITIALIZED_AUTOS = YES_AGGRESSIVE;
				GCC_WARN_UNUSED_FUNCTION = YES;
				GCC_WARN_UNUSED_VARIABLE = YES;
				IPHONEOS_DEPLOYMENT_TARGET = 16.0;
				MTL_ENABLE_DEBUG_INFO = NO;
				MTL_FAST_MATH = YES;
				SDKROOT = iphoneos;
				SWIFT_COMPILATION_MODE = wholemodule;
				SWIFT_OPTIMIZATION_LEVEL = "-O";
				VALIDATE_PRODUCT = YES;
			};
			name = Release;
		};
		70AE7281292CE54C006760CF /* Debug */ = {
			isa = XCBuildConfiguration;
			buildSettings = {
				ASSETCATALOG_COMPILER_APPICON_NAME = AppIcon;
				ASSETCATALOG_COMPILER_GLOBAL_ACCENT_COLOR_NAME = AccentColor;
				CODE_SIGN_IDENTITY = "Apple Development";
				CODE_SIGN_STYLE = Manual;
				CURRENT_PROJECT_VERSION = 1;
				DEVELOPMENT_TEAM = "";
				GENERATE_INFOPLIST_FILE = YES;
				INFOPLIST_FILE = HorizontalPickerView/Info.plist;
				INFOPLIST_KEY_UIApplicationSupportsIndirectInputEvents = YES;
				INFOPLIST_KEY_UILaunchStoryboardName = LaunchScreen;
				INFOPLIST_KEY_UIMainStoryboardFile = Main;
				INFOPLIST_KEY_UISupportedInterfaceOrientations_iPad = "UIInterfaceOrientationPortrait UIInterfaceOrientationPortraitUpsideDown UIInterfaceOrientationLandscapeLeft UIInterfaceOrientationLandscapeRight";
				INFOPLIST_KEY_UISupportedInterfaceOrientations_iPhone = "UIInterfaceOrientationPortrait UIInterfaceOrientationLandscapeLeft UIInterfaceOrientationLandscapeRight";
				LD_RUNPATH_SEARCH_PATHS = (
					"$(inherited)",
					"@executable_path/Frameworks",
				);
				MARKETING_VERSION = 1.0;
				PRODUCT_BUNDLE_IDENTIFIER = Ruyha.HorizontalPickerView.com;
				PRODUCT_NAME = "$(TARGET_NAME)";
				PROVISIONING_PROFILE_SPECIFIER = "";
				SWIFT_EMIT_LOC_STRINGS = YES;
				SWIFT_VERSION = 5.0;
				TARGETED_DEVICE_FAMILY = "1,2";
			};
			name = Debug;
		};
		70AE7282292CE54C006760CF /* Release */ = {
			isa = XCBuildConfiguration;
			buildSettings = {
				ASSETCATALOG_COMPILER_APPICON_NAME = AppIcon;
				ASSETCATALOG_COMPILER_GLOBAL_ACCENT_COLOR_NAME = AccentColor;
				CODE_SIGN_IDENTITY = "Apple Development";
				CODE_SIGN_STYLE = Manual;
				CURRENT_PROJECT_VERSION = 1;
				DEVELOPMENT_TEAM = "";
				GENERATE_INFOPLIST_FILE = YES;
				INFOPLIST_FILE = HorizontalPickerView/Info.plist;
				INFOPLIST_KEY_UIApplicationSupportsIndirectInputEvents = YES;
				INFOPLIST_KEY_UILaunchStoryboardName = LaunchScreen;
				INFOPLIST_KEY_UIMainStoryboardFile = Main;
				INFOPLIST_KEY_UISupportedInterfaceOrientations_iPad = "UIInterfaceOrientationPortrait UIInterfaceOrientationPortraitUpsideDown UIInterfaceOrientationLandscapeLeft UIInterfaceOrientationLandscapeRight";
				INFOPLIST_KEY_UISupportedInterfaceOrientations_iPhone = "UIInterfaceOrientationPortrait UIInterfaceOrientationLandscapeLeft UIInterfaceOrientationLandscapeRight";
				LD_RUNPATH_SEARCH_PATHS = (
					"$(inherited)",
					"@executable_path/Frameworks",
				);
				MARKETING_VERSION = 1.0;
				PRODUCT_BUNDLE_IDENTIFIER = Ruyha.HorizontalPickerView.com;
				PRODUCT_NAME = "$(TARGET_NAME)";
				PROVISIONING_PROFILE_SPECIFIER = "";
				SWIFT_EMIT_LOC_STRINGS = YES;
				SWIFT_VERSION = 5.0;
				TARGETED_DEVICE_FAMILY = "1,2";
			};
			name = Release;
		};
/* End XCBuildConfiguration section */

/* Begin XCConfigurationList section */
		70AE7267292CE54A006760CF /* Build configuration list for PBXProject "HorizontalPickerView" */ = {
			isa = XCConfigurationList;
			buildConfigurations = (
				70AE727E292CE54C006760CF /* Debug */,
				70AE727F292CE54C006760CF /* Release */,
			);
			defaultConfigurationIsVisible = 0;
			defaultConfigurationName = Release;
		};
		70AE7280292CE54C006760CF /* Build configuration list for PBXNativeTarget "HorizontalPickerView" */ = {
			isa = XCConfigurationList;
			buildConfigurations = (
				70AE7281292CE54C006760CF /* Debug */,
				70AE7282292CE54C006760CF /* Release */,
			);
			defaultConfigurationIsVisible = 0;
			defaultConfigurationName = Release;
		};
/* End XCConfigurationList section */

/* Begin XCRemoteSwiftPackageReference section */
		705E62F1292CE6A200885265 /* XCRemoteSwiftPackageReference "SnapKit" */ = {
			isa = XCRemoteSwiftPackageReference;
			repositoryURL = "https://github.com/SnapKit/SnapKit";
			requirement = {
				kind = upToNextMajorVersion;
				minimumVersion = 5.0.0;
			};
		};
/* End XCRemoteSwiftPackageReference section */

/* Begin XCSwiftPackageProductDependency section */
		705E62F2292CE6A200885265 /* SnapKit */ = {
			isa = XCSwiftPackageProductDependency;
			package = 705E62F1292CE6A200885265 /* XCRemoteSwiftPackageReference "SnapKit" */;
			productName = SnapKit;
		};
/* End XCSwiftPackageProductDependency section */
	};
	rootObject = 70AE7264292CE54A006760CF /* Project object */;
}
